{
  "name": "swc-minify-babel-standalone-error",
  "version": "1.0.0",
  "lockfileVersion": 3,
  "requires": true,
  "packages": {
    "": {
      "name": "swc-minify-babel-standalone-error",
      "version": "1.0.0",
      "license": "ISC",
      "dependencies": {
        "@babel/standalone": "^7.23.4",
        "@swc/core": "1.3.100-nightly-20231123.1"
      }
    },
    "node_modules/@babel/standalone": {
      "version": "7.23.4",
      "resolved": "https://registry.npmjs.org/@babel/standalone/-/standalone-7.23.4.tgz",
      "integrity": "sha512-cXT2Xi9YVJEi7kLjqoeZBXjrNt1PASOh4Zi3jp5yXT06Gt4ZeRETfYH9y5x3RQhFTpNxaA1300lzK1obiy6tcQ==",
      "engines": {
        "node": ">=6.9.0"
      }
    },
    "node_modules/@swc/core": {
      "version": "1.3.100-nightly-20231123.1",
      "resolved": "https://registry.npmjs.org/@swc/core/-/core-1.3.100-nightly-20231123.1.tgz",
      "integrity": "sha512-3wLfMI/+UBeSRoXF0VTGYM8SZkgnKjPGPvgkXsW+vG7E7ni/QZocVEoyGNL/nlOpblp6bvWz9tvzUcgpXGiHMQ==",
      "hasInstallScript": true,
      "dependencies": {
        "@swc/counter": "^0.1.1",
        "@swc/types": "^0.1.5"
      },
      "engines": {
        "node": ">=10"
      },
      "funding": {
        "type": "opencollective",
        "url": "https://opencollective.com/swc"
      },
      "optionalDependencies": {
        "@swc/core-darwin-arm64": "1.3.100-nightly-20231123.1",
        "@swc/core-darwin-x64": "1.3.100-nightly-20231123.1",
        "@swc/core-linux-arm64-gnu": "1.3.100-nightly-20231123.1",
        "@swc/core-linux-arm64-musl": "1.3.100-nightly-20231123.1",
        "@swc/core-linux-x64-gnu": "1.3.100-nightly-20231123.1",
        "@swc/core-linux-x64-musl": "1.3.100-nightly-20231123.1",
        "@swc/core-win32-arm64-msvc": "1.3.100-nightly-20231123.1",
        "@swc/core-win32-ia32-msvc": "1.3.100-nightly-20231123.1",
        "@swc/core-win32-x64-msvc": "1.3.100-nightly-20231123.1"
      },
      "peerDependencies": {
        "@swc/helpers": "^0.5.0"
      },
      "peerDependenciesMeta": {
        "@swc/helpers": {
          "optional": true
        }
      }
    },
    "node_modules/@swc/core-darwin-arm64": {
      "version": "1.3.100-nightly-20231123.1",
      "resolved": "https://registry.npmjs.org/@swc/core-darwin-arm64/-/core-darwin-arm64-1.3.100-nightly-20231123.1.tgz",
      "integrity": "sha512-P4ZBpiUMzAvt2xztPeIknxCtHHhwt73cSzVwjKG5QvQoaB5oCvQgLa+KiwGRdDpYQr2x9w4+9SO6G7vv679g5Q==",
      "cpu": [
        "arm64"
      ],
      "optional": true,
      "os": [
        "darwin"
      ],
      "engines": {
        "node": ">=10"
      }
    },
    "node_modules/@swc/core-darwin-x64": {
      "version": "1.3.100-nightly-20231123.1",
      "resolved": "https://registry.npmjs.org/@swc/core-darwin-x64/-/core-darwin-x64-1.3.100-nightly-20231123.1.tgz",
      "integrity": "sha512-pao0exI6XbSJv5MieanziPfVpsLsIRvuhI3q96EL193CX3EkiwhOcFf2d2MbhCXwX8MghCq3FJcs4BtEuJ5+/g==",
      "cpu": [
        "x64"
      ],
      "optional": true,
      "os": [
        "darwin"
      ],
      "engines": {
        "node": ">=10"
      }
    },
    "node_modules/@swc/core-linux-arm64-gnu": {
      "version": "1.3.100-nightly-20231123.1",
      "resolved": "https://registry.npmjs.org/@swc/core-linux-arm64-gnu/-/core-linux-arm64-gnu-1.3.100-nightly-20231123.1.tgz",
      "integrity": "sha512-JDjcpXvlKCMrVw44wLBCBHAXCEdLyXgFXAZNTnZsPgEQ6LIRH5QPk9v0e7Lbo5MAaU7VC+zr8wWygIVqibeIkA==",
      "cpu": [
        "arm64"
      ],
      "optional": true,
      "os": [
        "linux"
      ],
      "engines": {
        "node": ">=10"
      }
    },
    "node_modules/@swc/core-linux-arm64-musl": {
      "version": "1.3.100-nightly-20231123.1",
      "resolved": "https://registry.npmjs.org/@swc/core-linux-arm64-musl/-/core-linux-arm64-musl-1.3.100-nightly-20231123.1.tgz",
      "integrity": "sha512-tGqycs/S1D1B6dG0+xgQzN+lNrdHS0EEYVR8RDn1LZLYQUhPdqQ3441hnvebDvQnEnLf0gshK2kmikp+PQFA8g==",
      "cpu": [
        "arm64"
      ],
      "optional": true,
      "os": [
        "linux"
      ],
      "engines": {
        "node": ">=10"
      }
    },
    "node_modules/@swc/core-linux-x64-gnu": {
      "version": "1.3.100-nightly-20231123.1",
      "resolved": "https://registry.npmjs.org/@swc/core-linux-x64-gnu/-/core-linux-x64-gnu-1.3.100-nightly-20231123.1.tgz",
      "integrity": "sha512-jFsyOHqSKRQxP/OY3oGNM41PWwhSvNGSFDn72L9nQVqlwg10U5z4Gg55wkrXnXW8ToLArYpgyvX/hG6o5UY35Q==",
      "cpu": [
        "x64"
      ],
      "optional": true,
      "os": [
        "linux"
      ],
      "engines": {
        "node": ">=10"
      }
    },
    "node_modules/@swc/core-linux-x64-musl": {
      "version": "1.3.100-nightly-20231123.1",
      "resolved": "https://registry.npmjs.org/@swc/core-linux-x64-musl/-/core-linux-x64-musl-1.3.100-nightly-20231123.1.tgz",
      "integrity": "sha512-HbfNfZBAOLUiQ7ObBSWUj4HwR1oXGT+iAGKMGmeRn8gOu50dQUbQaLlbRbHCmpR6hynDLSBRo/LuXXAxs07VTQ==",
      "cpu": [
        "x64"
      ],
      "optional": true,
      "os": [
        "linux"
      ],
      "engines": {
        "node": ">=10"
      }
    },
    "node_modules/@swc/core-win32-arm64-msvc": {
      "version": "1.3.100-nightly-20231123.1",
      "resolved": "https://registry.npmjs.org/@swc/core-win32-arm64-msvc/-/core-win32-arm64-msvc-1.3.100-nightly-20231123.1.tgz",
      "integrity": "sha512-As69Zwzyw0GYuwaWelfdD99/EkEbTNHUTkg/MpNB1ndgHwNO9c4df5VOcvcrYUunVENfnDVd8k+dldXiDxw5TA==",
      "cpu": [
        "arm64"
      ],
      "optional": true,
      "os": [
        "win32"
      ],
      "engines": {
        "node": ">=10"
      }
    },
    "node_modules/@swc/core-win32-ia32-msvc": {
      "version": "1.3.100-nightly-20231123.1",
      "resolved": "https://registry.npmjs.org/@swc/core-win32-ia32-msvc/-/core-win32-ia32-msvc-1.3.100-nightly-20231123.1.tgz",
      "integrity": "sha512-hSzGVxqm4le7rgeDgQAkqfjQva6HLEBSjWu/Bl0Q20Bk/0vJeXjluMtuyiHCKkCewHp21vJsmXJqrHMsXnUIMA==",
      "cpu": [
        "ia32"
      ],
      "optional": true,
      "os": [
        "win32"
      ],
      "engines": {
        "node": ">=10"
      }
    },
    "node_modules/@swc/core-win32-x64-msvc": {
      "version": "1.3.100-nightly-20231123.1",
      "resolved": "https://registry.npmjs.org/@swc/core-win32-x64-msvc/-/core-win32-x64-msvc-1.3.100-nightly-20231123.1.tgz",
      "integrity": "sha512-jUQyztSS7rIcKF1RyYm4nk3moXIgFfCZv/7aVuZUdQGhC1GpFQ7mr2rS5DGQ+lNo7PeVuL5bBzCQmah0u3zA1Q==",
      "cpu": [
        "x64"
      ],
      "optional": true,
      "os": [
        "win32"
      ],
      "engines": {
        "node": ">=10"
      }
    },
    "node_modules/@swc/counter": {
      "version": "0.1.2",
      "resolved": "https://registry.npmjs.org/@swc/counter/-/counter-0.1.2.tgz",
      "integrity": "sha512-9F4ys4C74eSTEUNndnER3VJ15oru2NumfQxS8geE+f3eB5xvfxpWyqE5XlVnxb/R14uoXi6SLbBwwiDSkv+XEw=="
    },
    "node_modules/@swc/types": {
      "version": "0.1.5",
      "resolved": "https://registry.npmjs.org/@swc/types/-/types-0.1.5.tgz",
      "integrity": "sha512-myfUej5naTBWnqOCc/MdVOLVjXUXtIA+NpDrDBKJtLLg2shUjBu3cZmB/85RyitKc55+lUUyl7oRfLOvkr2hsw=="
    }
  }
}
